<?xml version="1.0" encoding="utf-8"?>
<Project ToolsVersion="4.0" xmlns="http://schemas.microsoft.com/developer/msbuild/2003">
  <ItemGroup>
    <Filter Include="include">
      <UniqueIdentifier>{05f489c8-d8cd-4b4d-a6bb-ad48fd65b702}</UniqueIdentifier>
    </Filter>
    <Filter Include="include\d3d">
      <UniqueIdentifier>{9c283b65-6d25-44e6-a072-b51f51168f40}</UniqueIdentifier>
    </Filter>
    <Filter Include="include\windows">
      <UniqueIdentifier>{4bda7774-65ee-4685-bb92-1466e1b4b3ad}</UniqueIdentifier>
    </Filter>
  </ItemGroup>
  <ItemGroup>
    <ClInclude Include="include\dhorn\d3d.h">
      <Filter>include</Filter>
    </ClInclude>
    <ClInclude Include="include\dhorn\d3d\vector.h">
      <Filter>include\d3d</Filter>
    </ClInclude>
    <ClInclude Include="include\dhorn\sockets.h">
      <Filter>include</Filter>
    </ClInclude>
    <ClInclude Include="include\dhorn\tree.h">
      <Filter>include</Filter>
    </ClInclude>
    <ClInclude Include="include\dhorn\type_traits.h">
      <Filter>include</Filter>
    </ClInclude>
    <ClInclude Include="include\dhorn\windows\windows.h">
      <Filter>include\windows</Filter>
    </ClInclude>
    <ClInclude Include="include\dhorn\service_container.h">
      <Filter>include</Filter>
    </ClInclude>
    <ClInclude Include="include\dhorn\uuid.h">
      <Filter>include</Filter>
    </ClInclude>
    <ClInclude Include="include\dhorn\windows\window.h">
      <Filter>include\windows</Filter>
    </ClInclude>
    <ClInclude Include="include\dhorn\functional.h">
      <Filter>include</Filter>
    </ClInclude>
    <ClInclude Include="include\dhorn\raii_object.h">
      <Filter>include</Filter>
    </ClInclude>
    <ClInclude Include="include\dhorn\windows\windows_exception.h">
      <Filter>include\windows</Filter>
    </ClInclude>
    <ClInclude Include="include\dhorn\windows\auto_handle.h">
      <Filter>include\windows</Filter>
    </ClInclude>
    <ClInclude Include="include\dhorn\windows\com_ptr.h">
      <Filter>include\windows</Filter>
    </ClInclude>
    <ClInclude Include="include\dhorn\message_queue.h">
      <Filter>include</Filter>
    </ClInclude>
    <ClInclude Include="Include\dhorn\math.h">
      <Filter>include</Filter>
    </ClInclude>
    <ClInclude Include="include\dhorn\task_pool.h">
      <Filter>include</Filter>
    </ClInclude>
  </ItemGroup>
</Project>