<?xml version="1.0" encoding="utf-8"?>
<Project ToolsVersion="4.0" xmlns="http://schemas.microsoft.com/developer/msbuild/2003">
  <ItemGroup>
    <Filter Include="include">
      <UniqueIdentifier>{05f489c8-d8cd-4b4d-a6bb-ad48fd65b702}</UniqueIdentifier>
    </Filter>
    <Filter Include="include\experimental">
      <UniqueIdentifier>{3ce46009-063f-4c5e-b20d-8701684a7d92}</UniqueIdentifier>
    </Filter>
    <Filter Include="include\experimental\dynamic_ui">
      <UniqueIdentifier>{72cc98d2-37a1-4787-ab03-492bf8089f92}</UniqueIdentifier>
    </Filter>
    <Filter Include="include\experimental\dynamic_ui\details">
      <UniqueIdentifier>{63e3207e-c299-4959-9e91-505f828e56d7}</UniqueIdentifier>
    </Filter>
    <Filter Include="include\experimental\d3d11">
      <UniqueIdentifier>{2fee7d41-2e82-4124-9cc5-67f938d7eb82}</UniqueIdentifier>
    </Filter>
    <Filter Include="include\experimental\d3d">
      <UniqueIdentifier>{9c283b65-6d25-44e6-a072-b51f51168f40}</UniqueIdentifier>
    </Filter>
    <Filter Include="include\experimental\windows">
      <UniqueIdentifier>{4bda7774-65ee-4685-bb92-1466e1b4b3ad}</UniqueIdentifier>
    </Filter>
    <Filter Include="include\windows">
      <UniqueIdentifier>{7c5aa27b-823a-4ba9-81b1-4921c2c98825}</UniqueIdentifier>
    </Filter>
    <Filter Include="include\com">
      <UniqueIdentifier>{ca0289a9-9194-4a94-bacf-6d2593910c06}</UniqueIdentifier>
    </Filter>
    <Filter Include="include\winrt">
      <UniqueIdentifier>{760e045b-0536-4ada-8fe5-a3aefc9829da}</UniqueIdentifier>
    </Filter>
  </ItemGroup>
  <ItemGroup>
    <ClInclude Include="include\dhorn\experimental\animation.h">
      <Filter>include\experimental</Filter>
    </ClInclude>
    <ClInclude Include="include\dhorn\experimental\animation_manager.h">
      <Filter>include\experimental</Filter>
    </ClInclude>
    <ClInclude Include="include\dhorn\experimental\array_reference.h">
      <Filter>include\experimental</Filter>
    </ClInclude>
    <ClInclude Include="include\dhorn\experimental\com_utility.h">
      <Filter>include\experimental</Filter>
    </ClInclude>
    <ClInclude Include="include\dhorn\experimental\command_line.h">
      <Filter>include\experimental</Filter>
    </ClInclude>
    <ClInclude Include="include\dhorn\experimental\discrete_animation.h">
      <Filter>include\experimental</Filter>
    </ClInclude>
    <ClInclude Include="include\dhorn\experimental\event_source.h">
      <Filter>include\experimental</Filter>
    </ClInclude>
    <ClInclude Include="include\dhorn\experimental\functional.h">
      <Filter>include\experimental</Filter>
    </ClInclude>
    <ClInclude Include="include\dhorn\experimental\hstring.h">
      <Filter>include\experimental</Filter>
    </ClInclude>
    <ClInclude Include="include\dhorn\experimental\instance.h">
      <Filter>include\experimental</Filter>
    </ClInclude>
    <ClInclude Include="include\dhorn\experimental\json.h">
      <Filter>include\experimental</Filter>
    </ClInclude>
    <ClInclude Include="include\dhorn\experimental\linear_animation.h">
      <Filter>include\experimental</Filter>
    </ClInclude>
    <ClInclude Include="include\dhorn\experimental\math.h">
      <Filter>include\experimental</Filter>
    </ClInclude>
    <ClInclude Include="include\dhorn\experimental\message_queue.h">
      <Filter>include\experimental</Filter>
    </ClInclude>
    <ClInclude Include="include\dhorn\experimental\numeric.h">
      <Filter>include\experimental</Filter>
    </ClInclude>
    <ClInclude Include="include\dhorn\experimental\service_container.h">
      <Filter>include\experimental</Filter>
    </ClInclude>
    <ClInclude Include="include\dhorn\experimental\socket_stream.h">
      <Filter>include\experimental</Filter>
    </ClInclude>
    <ClInclude Include="include\dhorn\experimental\sockets.h">
      <Filter>include\experimental</Filter>
    </ClInclude>
    <ClInclude Include="include\dhorn\experimental\synchronized_object.h">
      <Filter>include\experimental</Filter>
    </ClInclude>
    <ClInclude Include="include\dhorn\experimental\unique_any.h">
      <Filter>include\experimental</Filter>
    </ClInclude>
    <ClInclude Include="include\dhorn\experimental\unique_event_cookie.h">
      <Filter>include\experimental</Filter>
    </ClInclude>
    <ClInclude Include="include\dhorn\experimental\units.h">
      <Filter>include\experimental</Filter>
    </ClInclude>
    <ClInclude Include="include\dhorn\experimental\utf_string.h">
      <Filter>include\experimental</Filter>
    </ClInclude>
    <ClInclude Include="include\dhorn\experimental\uuid.h">
      <Filter>include\experimental</Filter>
    </ClInclude>
    <ClInclude Include="include\dhorn\experimental\winrt_utility.h">
      <Filter>include\experimental</Filter>
    </ClInclude>
    <ClInclude Include="include\dhorn\experimental\windows\window.h">
      <Filter>include\experimental\windows</Filter>
    </ClInclude>
    <ClInclude Include="include\dhorn\experimental\windows\windows.h">
      <Filter>include\experimental\windows</Filter>
    </ClInclude>
    <ClInclude Include="include\dhorn\experimental\dynamic_ui\render_node.h">
      <Filter>include\experimental\dynamic_ui</Filter>
    </ClInclude>
    <ClInclude Include="include\dhorn\experimental\dynamic_ui\render_tree.h">
      <Filter>include\experimental\dynamic_ui</Filter>
    </ClInclude>
    <ClInclude Include="include\dhorn\experimental\dynamic_ui\details\render_types.h">
      <Filter>include\experimental\dynamic_ui\details</Filter>
    </ClInclude>
    <ClInclude Include="include\dhorn\experimental\d3d11\d3d11_utils.h">
      <Filter>include\experimental\d3d11</Filter>
    </ClInclude>
    <ClInclude Include="include\dhorn\experimental\d3d11\d3d11_window.h">
      <Filter>include\experimental\d3d11</Filter>
    </ClInclude>
    <ClInclude Include="include\dhorn\experimental\d3d\camera.h">
      <Filter>include\experimental\d3d</Filter>
    </ClInclude>
    <ClInclude Include="include\dhorn\experimental\d3d\colors.h">
      <Filter>include\experimental\d3d</Filter>
    </ClInclude>
    <ClInclude Include="include\dhorn\experimental\d3d\d3d_utils.h">
      <Filter>include\experimental\d3d</Filter>
    </ClInclude>
    <ClInclude Include="include\dhorn\experimental\d3d\shapes.h">
      <Filter>include\experimental\d3d</Filter>
    </ClInclude>
    <ClInclude Include="include\dhorn\type_traits.h">
      <Filter>include</Filter>
    </ClInclude>
    <ClInclude Include="include\dhorn\bitmask.h">
      <Filter>include</Filter>
    </ClInclude>
    <ClInclude Include="include\dhorn\string.h">
      <Filter>include</Filter>
    </ClInclude>
    <ClInclude Include="include\dhorn\scope_guard.h">
      <Filter>include</Filter>
    </ClInclude>
    <ClInclude Include="include\dhorn\windows\file_time_clock.h">
      <Filter>include\windows</Filter>
    </ClInclude>
    <ClInclude Include="include\dhorn\windows\tick_count_clock.h">
      <Filter>include\windows</Filter>
    </ClInclude>
    <ClInclude Include="include\dhorn\console.h">
      <Filter>include</Filter>
    </ClInclude>
    <ClInclude Include="include\dhorn\debug.h">
      <Filter>include</Filter>
    </ClInclude>
    <ClInclude Include="include\dhorn\functional.h">
      <Filter>include</Filter>
    </ClInclude>
    <ClInclude Include="include\dhorn\thread_pool.h">
      <Filter>include</Filter>
    </ClInclude>
    <ClInclude Include="include\dhorn\com\hresult_error.h">
      <Filter>include\com</Filter>
    </ClInclude>
    <ClInclude Include="include\dhorn\com\com_ptr.h">
      <Filter>include\com</Filter>
    </ClInclude>
    <ClInclude Include="include\dhorn\com\com_traits.h">
      <Filter>include\com</Filter>
    </ClInclude>
    <ClInclude Include="include\dhorn\winrt\winrt_traits.h">
      <Filter>include\winrt</Filter>
    </ClInclude>
    <ClInclude Include="include\dhorn\compressed_pair.h">
      <Filter>include</Filter>
    </ClInclude>
    <ClInclude Include="include\dhorn\algorithm.h">
      <Filter>include</Filter>
    </ClInclude>
    <ClInclude Include="include\dhorn\utf.h">
      <Filter>include</Filter>
    </ClInclude>
    <ClInclude Include="include\dhorn\iterator.h">
      <Filter>include</Filter>
    </ClInclude>
    <ClInclude Include="include\dhorn\visitor.h">
      <Filter>include</Filter>
    </ClInclude>
    <ClInclude Include="include\dhorn\winrt\weak_ref.h">
      <Filter>include\winrt</Filter>
    </ClInclude>
  </ItemGroup>
</Project>