
Microsoft Visual Studio Solution File, Format Version 12.00
# Visual Studio 14
VisualStudioVersion = 14.0.25420.1
MinimumVisualStudioVersion = 10.0.40219.1
Project("{8BC9CEB8-8B4A-11D0-8D11-00A0C91BC942}") = "dhorn", "dhorn.vcxproj", "{F7242374-40D8-40D5-ABB5-FF54E43276F8}"
EndProject
Project("{8BC9CEB8-8B4A-11D0-8D11-00A0C91BC942}") = "tests", "tests\tests.vcxproj", "{D9ECEDDA-1F56-4876-AEE6-214389F991AE}"
EndProject
Project("{8BC9CEB8-8B4A-11D0-8D11-00A0C91BC942}") = "efficiency_tests", "efficiency_tests\efficiency_tests.vcxproj", "{593676EF-B372-4DFA-BA7F-250E89C2C770}"
EndProject
Project("{8BC9CEB8-8B4A-11D0-8D11-00A0C91BC942}") = "window_tests", "window_tests\window_tests.vcxproj", "{F28D3451-1BCB-41B3-940B-71EE015E2254}"
EndProject
Project("{8BC9CEB8-8B4A-11D0-8D11-00A0C91BC942}") = "d3d_tests", "d3d_tests\d3d_tests.vcxproj", "{2F3F6A63-A59F-4439-968B-40A099824BEA}"
EndProject
Project("{8BC9CEB8-8B4A-11D0-8D11-00A0C91BC942}") = "functional_tests", "functional_tests\functional_tests.vcxproj", "{406EC95C-7074-4E98-B874-87FA934ED437}"
EndProject
Global
	GlobalSection(SolutionConfigurationPlatforms) = preSolution
		Debug|Win32 = Debug|Win32
		Debug|x64 = Debug|x64
		Release|Win32 = Release|Win32
		Release|x64 = Release|x64
	EndGlobalSection
	GlobalSection(ProjectConfigurationPlatforms) = postSolution
		{F7242374-40D8-40D5-ABB5-FF54E43276F8}.Debug|Win32.ActiveCfg = Debug|Win32
		{F7242374-40D8-40D5-ABB5-FF54E43276F8}.Debug|Win32.Build.0 = Debug|Win32
		{F7242374-40D8-40D5-ABB5-FF54E43276F8}.Debug|x64.ActiveCfg = Debug|Win32
		{F7242374-40D8-40D5-ABB5-FF54E43276F8}.Debug|x64.Build.0 = Debug|Win32
		{F7242374-40D8-40D5-ABB5-FF54E43276F8}.Release|Win32.ActiveCfg = Release|Win32
		{F7242374-40D8-40D5-ABB5-FF54E43276F8}.Release|Win32.Build.0 = Release|Win32
		{F7242374-40D8-40D5-ABB5-FF54E43276F8}.Release|x64.ActiveCfg = Release|Win32
		{F7242374-40D8-40D5-ABB5-FF54E43276F8}.Release|x64.Build.0 = Release|Win32
		{D9ECEDDA-1F56-4876-AEE6-214389F991AE}.Debug|Win32.ActiveCfg = Debug|Win32
		{D9ECEDDA-1F56-4876-AEE6-214389F991AE}.Debug|Win32.Build.0 = Debug|Win32
		{D9ECEDDA-1F56-4876-AEE6-214389F991AE}.Debug|x64.ActiveCfg = Debug|Win32
		{D9ECEDDA-1F56-4876-AEE6-214389F991AE}.Debug|x64.Build.0 = Debug|Win32
		{D9ECEDDA-1F56-4876-AEE6-214389F991AE}.Release|Win32.ActiveCfg = Release|Win32
		{D9ECEDDA-1F56-4876-AEE6-214389F991AE}.Release|Win32.Build.0 = Release|Win32
		{D9ECEDDA-1F56-4876-AEE6-214389F991AE}.Release|x64.ActiveCfg = Release|Win32
		{D9ECEDDA-1F56-4876-AEE6-214389F991AE}.Release|x64.Build.0 = Release|Win32
		{593676EF-B372-4DFA-BA7F-250E89C2C770}.Debug|Win32.ActiveCfg = Debug|Win32
		{593676EF-B372-4DFA-BA7F-250E89C2C770}.Debug|Win32.Build.0 = Debug|Win32
		{593676EF-B372-4DFA-BA7F-250E89C2C770}.Debug|x64.ActiveCfg = Debug|Win32
		{593676EF-B372-4DFA-BA7F-250E89C2C770}.Debug|x64.Build.0 = Debug|Win32
		{593676EF-B372-4DFA-BA7F-250E89C2C770}.Release|Win32.ActiveCfg = Release|Win32
		{593676EF-B372-4DFA-BA7F-250E89C2C770}.Release|Win32.Build.0 = Release|Win32
		{593676EF-B372-4DFA-BA7F-250E89C2C770}.Release|x64.ActiveCfg = Release|Win32
		{593676EF-B372-4DFA-BA7F-250E89C2C770}.Release|x64.Build.0 = Release|Win32
		{F28D3451-1BCB-41B3-940B-71EE015E2254}.Debug|Win32.ActiveCfg = Debug|Win32
		{F28D3451-1BCB-41B3-940B-71EE015E2254}.Debug|Win32.Build.0 = Debug|Win32
		{F28D3451-1BCB-41B3-940B-71EE015E2254}.Debug|x64.ActiveCfg = Debug|Win32
		{F28D3451-1BCB-41B3-940B-71EE015E2254}.Release|Win32.ActiveCfg = Release|Win32
		{F28D3451-1BCB-41B3-940B-71EE015E2254}.Release|Win32.Build.0 = Release|Win32
		{F28D3451-1BCB-41B3-940B-71EE015E2254}.Release|x64.ActiveCfg = Release|Win32
		{2F3F6A63-A59F-4439-968B-40A099824BEA}.Debug|Win32.ActiveCfg = Debug|Win32
		{2F3F6A63-A59F-4439-968B-40A099824BEA}.Debug|Win32.Build.0 = Debug|Win32
		{2F3F6A63-A59F-4439-968B-40A099824BEA}.Debug|x64.ActiveCfg = Debug|Win32
		{2F3F6A63-A59F-4439-968B-40A099824BEA}.Release|Win32.ActiveCfg = Release|Win32
		{2F3F6A63-A59F-4439-968B-40A099824BEA}.Release|Win32.Build.0 = Release|Win32
		{2F3F6A63-A59F-4439-968B-40A099824BEA}.Release|x64.ActiveCfg = Release|Win32
		{406EC95C-7074-4E98-B874-87FA934ED437}.Debug|Win32.ActiveCfg = Debug|Win32
		{406EC95C-7074-4E98-B874-87FA934ED437}.Debug|Win32.Build.0 = Debug|Win32
		{406EC95C-7074-4E98-B874-87FA934ED437}.Debug|x64.ActiveCfg = Debug|x64
		{406EC95C-7074-4E98-B874-87FA934ED437}.Debug|x64.Build.0 = Debug|x64
		{406EC95C-7074-4E98-B874-87FA934ED437}.Release|Win32.ActiveCfg = Release|Win32
		{406EC95C-7074-4E98-B874-87FA934ED437}.Release|Win32.Build.0 = Release|Win32
		{406EC95C-7074-4E98-B874-87FA934ED437}.Release|x64.ActiveCfg = Release|x64
		{406EC95C-7074-4E98-B874-87FA934ED437}.Release|x64.Build.0 = Release|x64
	EndGlobalSection
	GlobalSection(SolutionProperties) = preSolution
		HideSolutionNode = FALSE
	EndGlobalSection
EndGlobal
