<?xml version="1.0" encoding="utf-8"?>
<Project ToolsVersion="4.0" xmlns="http://schemas.microsoft.com/developer/msbuild/2003">
  <ItemGroup>
    <Filter Include="include">
      <UniqueIdentifier>{05f489c8-d8cd-4b4d-a6bb-ad48fd65b702}</UniqueIdentifier>
    </Filter>
    <Filter Include="include\d3d">
      <UniqueIdentifier>{9c283b65-6d25-44e6-a072-b51f51168f40}</UniqueIdentifier>
    </Filter>
    <Filter Include="include\windows">
      <UniqueIdentifier>{4bda7774-65ee-4685-bb92-1466e1b4b3ad}</UniqueIdentifier>
    </Filter>
    <Filter Include="include\dynamic_ui">
      <UniqueIdentifier>{72cc98d2-37a1-4787-ab03-492bf8089f92}</UniqueIdentifier>
    </Filter>
    <Filter Include="include\dynamic_ui\garbage">
      <UniqueIdentifier>{63e3207e-c299-4959-9e91-505f828e56d7}</UniqueIdentifier>
    </Filter>
    <Filter Include="include\d3d11">
      <UniqueIdentifier>{2fee7d41-2e82-4124-9cc5-67f938d7eb82}</UniqueIdentifier>
    </Filter>
  </ItemGroup>
  <ItemGroup>
    <ClInclude Include="include\dhorn\sockets.h">
      <Filter>include</Filter>
    </ClInclude>
    <ClInclude Include="include\dhorn\tree.h">
      <Filter>include</Filter>
    </ClInclude>
    <ClInclude Include="include\dhorn\type_traits.h">
      <Filter>include</Filter>
    </ClInclude>
    <ClInclude Include="include\dhorn\windows\windows.h">
      <Filter>include\windows</Filter>
    </ClInclude>
    <ClInclude Include="include\dhorn\service_container.h">
      <Filter>include</Filter>
    </ClInclude>
    <ClInclude Include="include\dhorn\uuid.h">
      <Filter>include</Filter>
    </ClInclude>
    <ClInclude Include="include\dhorn\windows\window.h">
      <Filter>include\windows</Filter>
    </ClInclude>
    <ClInclude Include="include\dhorn\functional.h">
      <Filter>include</Filter>
    </ClInclude>
    <ClInclude Include="include\dhorn\utf_string.h">
      <Filter>include</Filter>
    </ClInclude>
    <ClInclude Include="include\dhorn\event_source.h">
      <Filter>include</Filter>
    </ClInclude>
    <ClInclude Include="Include\dhorn\math.h">
      <Filter>include</Filter>
    </ClInclude>
    <ClInclude Include="include\dhorn\message_queue.h">
      <Filter>include</Filter>
    </ClInclude>
    <ClInclude Include="include\dhorn\scope_exit.h">
      <Filter>include</Filter>
    </ClInclude>
    <ClInclude Include="include\dhorn\socket_stream.h">
      <Filter>include</Filter>
    </ClInclude>
    <ClInclude Include="include\dhorn\task_pool.h">
      <Filter>include</Filter>
    </ClInclude>
    <ClInclude Include="include\dhorn\unique_any.h">
      <Filter>include</Filter>
    </ClInclude>
    <ClInclude Include="include\dhorn\algorithm.h">
      <Filter>include</Filter>
    </ClInclude>
    <ClInclude Include="include\dhorn\animation_manager.h">
      <Filter>include</Filter>
    </ClInclude>
    <ClInclude Include="include\dhorn\animation.h">
      <Filter>include</Filter>
    </ClInclude>
    <ClInclude Include="include\dhorn\d3d\camera.h">
      <Filter>include\d3d</Filter>
    </ClInclude>
    <ClInclude Include="include\dhorn\linear_animation.h">
      <Filter>include</Filter>
    </ClInclude>
    <ClInclude Include="include\dhorn\discrete_animation.h">
      <Filter>include</Filter>
    </ClInclude>
    <ClInclude Include="include\dhorn\d3d\colors.h">
      <Filter>include\d3d</Filter>
    </ClInclude>
    <ClInclude Include="include\dhorn\d3d\shapes.h">
      <Filter>include\d3d</Filter>
    </ClInclude>
    <ClInclude Include="include\dhorn\units.h">
      <Filter>include</Filter>
    </ClInclude>
    <ClInclude Include="include\dhorn\dynamic_ui\render_tree.h">
      <Filter>include\dynamic_ui</Filter>
    </ClInclude>
    <ClInclude Include="include\dhorn\dynamic_ui\render_node.h">
      <Filter>include\dynamic_ui</Filter>
    </ClInclude>
    <ClInclude Include="include\dhorn\dynamic_ui\garbage\render_types.h">
      <Filter>include\dynamic_ui\garbage</Filter>
    </ClInclude>
    <ClInclude Include="include\dhorn\unique_event_cookie.h">
      <Filter>include</Filter>
    </ClInclude>
    <ClInclude Include="include\dhorn\json.h">
      <Filter>include</Filter>
    </ClInclude>
    <ClInclude Include="include\dhorn\numeric.h">
      <Filter>include</Filter>
    </ClInclude>
    <ClInclude Include="include\dhorn\synchronized_object.h">
      <Filter>include</Filter>
    </ClInclude>
    <ClInclude Include="include\dhorn\instance.h">
      <Filter>include</Filter>
    </ClInclude>
    <ClInclude Include="include\dhorn\command_line.h">
      <Filter>include</Filter>
    </ClInclude>
    <ClInclude Include="include\dhorn\d3d11\d3d11_utils.h">
      <Filter>include\d3d11</Filter>
    </ClInclude>
    <ClInclude Include="include\dhorn\d3d11\d3d11_window.h">
      <Filter>include\d3d11</Filter>
    </ClInclude>
    <ClInclude Include="include\dhorn\d3d\d3d_utils.h">
      <Filter>include\d3d</Filter>
    </ClInclude>
    <ClInclude Include="include\dhorn\bitmask.h">
      <Filter>include</Filter>
    </ClInclude>
    <ClInclude Include="include\dhorn\array_reference.h">
      <Filter>include</Filter>
    </ClInclude>
    <ClInclude Include="include\dhorn\nullable_value.h">
      <Filter>include</Filter>
    </ClInclude>
    <ClInclude Include="include\dhorn\com_ptr.h">
      <Filter>include</Filter>
    </ClInclude>
    <ClInclude Include="include\dhorn\windows_exception.h">
      <Filter>include</Filter>
    </ClInclude>
    <ClInclude Include="include\dhorn\com_utility.h">
      <Filter>include</Filter>
    </ClInclude>
    <ClInclude Include="include\dhorn\hstring.h">
      <Filter>include</Filter>
    </ClInclude>
    <ClInclude Include="include\dhorn\winrt_utility.h">
      <Filter>include</Filter>
    </ClInclude>
  </ItemGroup>
</Project>