<?xml version="1.0" encoding="utf-8"?>
<Project ToolsVersion="4.0" xmlns="http://schemas.microsoft.com/developer/msbuild/2003">
  <ItemGroup>
    <Filter Include="include">
      <UniqueIdentifier>{99c454af-f29c-44be-9ee6-129ce0f033b7}</UniqueIdentifier>
    </Filter>
    <Filter Include="src">
      <UniqueIdentifier>{b848974f-7a4f-497b-9835-ca9ace5a07b4}</UniqueIdentifier>
    </Filter>
  </ItemGroup>
  <ItemGroup>
    <ClCompile Include="main.cpp">
      <Filter>src</Filter>
    </ClCompile>
    <ClCompile Include="vector_traits_tests.cpp">
      <Filter>src</Filter>
    </ClCompile>
    <ClCompile Include="vector_tests.cpp">
      <Filter>src</Filter>
    </ClCompile>
  </ItemGroup>
</Project>